// !$*UTF8*$!
{
	archiveVersion = 1;
	classes = {
	};
	objectVersion = 56;
	objects = {

/* Begin PBXBuildFile section */
		5B09D7B32B11360A004536C4 /* TextValueView.swift in Sources */ = {isa = PBXBuildFile; fileRef = 5B09D7B22B11360A004536C4 /* TextValueView.swift */; };
		5B09D7B52B114734004536C4 /* LabelValueController.swift in Sources */ = {isa = PBXBuildFile; fileRef = 5B09D7B42B114734004536C4 /* LabelValueController.swift */; };
		5B0C78B22ADE5A3500E0EEEB /* SharedFileManager.swift in Sources */ = {isa = PBXBuildFile; fileRef = 5B0C78B12ADE5A3500E0EEEB /* SharedFileManager.swift */; };
		5B6D622D2AD9F265003B1D3A /* Style.swift in Sources */ = {isa = PBXBuildFile; fileRef = 5B6D622C2AD9F265003B1D3A /* Style.swift */; };
		5B6D622F2AD9F2B9003B1D3A /* LayoutManager.swift in Sources */ = {isa = PBXBuildFile; fileRef = 5B6D622E2AD9F2B9003B1D3A /* LayoutManager.swift */; };
		5B860BC12B0072C6002EA088 /* TerminalManager.swift in Sources */ = {isa = PBXBuildFile; fileRef = 5B860BC02B0072C6002EA088 /* TerminalManager.swift */; };
		5B860BC42B0079E9002EA088 /* Command.swift in Sources */ = {isa = PBXBuildFile; fileRef = 5B860BC32B0079E9002EA088 /* Command.swift */; };
		5B860BC62B007A02002EA088 /* HelpCommand.swift in Sources */ = {isa = PBXBuildFile; fileRef = 5B860BC52B007A02002EA088 /* HelpCommand.swift */; };
		5B860BC82B007B87002EA088 /* ChartCommand.swift in Sources */ = {isa = PBXBuildFile; fileRef = 5B860BC72B007B87002EA088 /* ChartCommand.swift */; };
		5B860BCA2B01367E002EA088 /* ChartManager.swift in Sources */ = {isa = PBXBuildFile; fileRef = 5B860BC92B01367E002EA088 /* ChartManager.swift */; };
		5B860BCC2B013788002EA088 /* SaveCommand.swift in Sources */ = {isa = PBXBuildFile; fileRef = 5B860BCB2B013788002EA088 /* SaveCommand.swift */; };
		5B860BCE2B013BC7002EA088 /* LoadPlayblackCommand.swift in Sources */ = {isa = PBXBuildFile; fileRef = 5B860BCD2B013BC7002EA088 /* LoadPlayblackCommand.swift */; };
		5B860BD02B013BED002EA088 /* PlaybackController.swift in Sources */ = {isa = PBXBuildFile; fileRef = 5B860BCF2B013BED002EA088 /* PlaybackController.swift */; };
		5B95015B2B0938ED008C3022 /* ChartRandomCommand.swift in Sources */ = {isa = PBXBuildFile; fileRef = 5B95015A2B0938ED008C3022 /* ChartRandomCommand.swift */; };
		FC137A352B0AF30300061926 /* GetPrelimTickersCommand.swift in Sources */ = {isa = PBXBuildFile; fileRef = FC137A342B0AF30300061926 /* GetPrelimTickersCommand.swift */; };
		FC38C5F52AF293D300E29029 /* ScrollingTerminalViewCell.swift in Sources */ = {isa = PBXBuildFile; fileRef = FC38C5F42AF293D300E29029 /* ScrollingTerminalViewCell.swift */; };
		FC39E1722B672B02000C62CA /* GenerateEntireDatasetCommand.swift in Sources */ = {isa = PBXBuildFile; fileRef = FC39E1712B672B02000C62CA /* GenerateEntireDatasetCommand.swift */; };
		FC39E1752B674AAF000C62CA /* MLPredictor1.swift in Sources */ = {isa = PBXBuildFile; fileRef = FC39E1742B674AAF000C62CA /* MLPredictor1.swift */; };
		FC39E17B2B674B67000C62CA /* ForcastingModel1.mlpackage in Sources */ = {isa = PBXBuildFile; fileRef = FC39E17A2B674B67000C62CA /* ForcastingModel1.mlpackage */; };
		FC583DBE2AF9A79000B7CAAC /* Text.swift in Sources */ = {isa = PBXBuildFile; fileRef = FC583DBD2AF9A79000B7CAAC /* Text.swift */; };
		FC82F9E72AC6910C00642210 /* AppDelegate.swift in Sources */ = {isa = PBXBuildFile; fileRef = FC82F9E62AC6910C00642210 /* AppDelegate.swift */; };
		FC82F9EB2AC6910C00642210 /* Assets.xcassets in Resources */ = {isa = PBXBuildFile; fileRef = FC82F9EA2AC6910C00642210 /* Assets.xcassets */; };
		FC82F9F92AC6976A00642210 /* main.swift in Sources */ = {isa = PBXBuildFile; fileRef = FC82F9F82AC6976A00642210 /* main.swift */; };
		FC82FA332AC6AE4800642210 /* ContentView.swift in Sources */ = {isa = PBXBuildFile; fileRef = FC82FA322AC6AE4800642210 /* ContentView.swift */; };
		FC82FA3C2AC6C12600642210 /* TickerDownload.swift in Sources */ = {isa = PBXBuildFile; fileRef = FC82FA3B2AC6C12600642210 /* TickerDownload.swift */; };
		FC82FA4D2AC6E20000642210 /* StockAggregate.swift in Sources */ = {isa = PBXBuildFile; fileRef = FC82FA4C2AC6E20000642210 /* StockAggregate.swift */; };
		FC82FA4F2AC6EA9F00642210 /* DateFormatter.swift in Sources */ = {isa = PBXBuildFile; fileRef = FC82FA4E2AC6EA9F00642210 /* DateFormatter.swift */; };
		FC82FA512AC6EB9200642210 /* Candle.swift in Sources */ = {isa = PBXBuildFile; fileRef = FC82FA502AC6EB9200642210 /* Candle.swift */; };
		FC82FA532AC6F79200642210 /* StockView.swift in Sources */ = {isa = PBXBuildFile; fileRef = FC82FA522AC6F79200642210 /* StockView.swift */; };
		FC82FA562AC6F97F00642210 /* Draw.swift in Sources */ = {isa = PBXBuildFile; fileRef = FC82FA552AC6F97F00642210 /* Draw.swift */; };
		FC82FA582AC6FA4600642210 /* Calculate.swift in Sources */ = {isa = PBXBuildFile; fileRef = FC82FA572AC6FA4600642210 /* Calculate.swift */; };
		FC8B8CAA2AE8972D0053F5CF /* ScrollingTerminalView.swift in Sources */ = {isa = PBXBuildFile; fileRef = FC8B8CA92AE8972D0053F5CF /* ScrollingTerminalView.swift */; };
		FC8B8CAE2AE89D360053F5CF /* BrassMono-Bold.ttf in Resources */ = {isa = PBXBuildFile; fileRef = FC8B8CAC2AE89D360053F5CF /* BrassMono-Bold.ttf */; settings = {ASSET_TAGS = (New, ); }; };
		FC8B8CAF2AE89D360053F5CF /* BrassMono-Regular.ttf in Resources */ = {isa = PBXBuildFile; fileRef = FC8B8CAD2AE89D360053F5CF /* BrassMono-Regular.ttf */; settings = {ASSET_TAGS = (New, ); }; };
		FC97AE8D2B14249300756773 /* StockViewAuxGraphProperties.swift in Sources */ = {isa = PBXBuildFile; fileRef = FC97AE8C2B14249300756773 /* StockViewAuxGraphProperties.swift */; };
		FCBAF4242ADE497F0075ABEF /* CGColor.swift in Sources */ = {isa = PBXBuildFile; fileRef = FCBAF4232ADE497F0075ABEF /* CGColor.swift */; };
		FCBAF4262ADE50610075ABEF /* StockAggregateManager.swift in Sources */ = {isa = PBXBuildFile; fileRef = FCBAF4252ADE50610075ABEF /* StockAggregateManager.swift */; };
		FCBAF4282ADE72D20075ABEF /* StockCalculations.swift in Sources */ = {isa = PBXBuildFile; fileRef = FCBAF4272ADE72D20075ABEF /* StockCalculations.swift */; };
		FCBAF42A2ADE73900075ABEF /* FloatingPointArray.swift in Sources */ = {isa = PBXBuildFile; fileRef = FCBAF4292ADE73900075ABEF /* FloatingPointArray.swift */; };
		FCC144A42B7492D100EF7A65 /* Date.swift in Sources */ = {isa = PBXBuildFile; fileRef = FCC144A32B7492D100EF7A65 /* Date.swift */; };
		FCC144A62B74971C00EF7A65 /* BKTestScoreModel.swift in Sources */ = {isa = PBXBuildFile; fileRef = FCC144A52B74971C00EF7A65 /* BKTestScoreModel.swift */; };
		FCC546D82B72DCF000D4AF7D /* BacktestController.swift in Sources */ = {isa = PBXBuildFile; fileRef = FCC546D72B72DCF000D4AF7D /* BacktestController.swift */; };
		FCC546DA2B72DEC800D4AF7D /* BacktestCommands.swift in Sources */ = {isa = PBXBuildFile; fileRef = FCC546D92B72DEC800D4AF7D /* BacktestCommands.swift */; };
		FCC546DC2B730ECF00D4AF7D /* GenerateGeneralAggregateCommand.swift in Sources */ = {isa = PBXBuildFile; fileRef = FCC546DB2B730ECF00D4AF7D /* GenerateGeneralAggregateCommand.swift */; };
		FCC5D7C92B01933100557CD5 /* EventController.swift in Sources */ = {isa = PBXBuildFile; fileRef = FCC5D7C82B01933100557CD5 /* EventController.swift */; };
		FCC8D86D2AE87637004D10F0 /* MLPlayback.swift in Sources */ = {isa = PBXBuildFile; fileRef = FCC8D86C2AE87637004D10F0 /* MLPlayback.swift */; };
		FCD1D5072ACBDB2200700D4C /* NSWindow.swift in Sources */ = {isa = PBXBuildFile; fileRef = FCD1D5062ACBDB2200700D4C /* NSWindow.swift */; };
		FCD588152B0C1F5F001BBECC /* BulkIndicatorDataCommand.swift in Sources */ = {isa = PBXBuildFile; fileRef = FCD588142B0C1F5F001BBECC /* BulkIndicatorDataCommand.swift */; };
		FCD588172B0C2938001BBECC /* IndicatorData.swift in Sources */ = {isa = PBXBuildFile; fileRef = FCD588162B0C2938001BBECC /* IndicatorData.swift */; };
		FCD588192B0C2F17001BBECC /* ChartLocalCommand.swift in Sources */ = {isa = PBXBuildFile; fileRef = FCD588182B0C2F17001BBECC /* ChartLocalCommand.swift */; };
		FCD871EF2B0BB26B00251777 /* TickerNameModel.swift in Sources */ = {isa = PBXBuildFile; fileRef = FCD871EE2B0BB26B00251777 /* TickerNameModel.swift */; };
		FCD871F12B0BB4C300251777 /* GetAllTickersListCommand.swift in Sources */ = {isa = PBXBuildFile; fileRef = FCD871F02B0BB4C300251777 /* GetAllTickersListCommand.swift */; };
		FCD871F32B0BBCD300251777 /* AllTickersController.swift in Sources */ = {isa = PBXBuildFile; fileRef = FCD871F22B0BBCD300251777 /* AllTickersController.swift */; };
		FCDD12692B0AC00300DDF4C9 /* InputOutputGenerationCommand.swift in Sources */ = {isa = PBXBuildFile; fileRef = FCDD12682B0AC00300DDF4C9 /* InputOutputGenerationCommand.swift */; };
		FCDD126B2B0AC0F800DDF4C9 /* MLDatasetGenerator.swift in Sources */ = {isa = PBXBuildFile; fileRef = FCDD126A2B0AC0F800DDF4C9 /* MLDatasetGenerator.swift */; };
		FCDD126D2B0AC24D00DDF4C9 /* MLDatasetOutput.swift in Sources */ = {isa = PBXBuildFile; fileRef = FCDD126C2B0AC24D00DDF4C9 /* MLDatasetOutput.swift */; };
		FCDF76E92B0BDF3000BE28BE /* ChartAllTimeCommand.swift in Sources */ = {isa = PBXBuildFile; fileRef = FCDF76E82B0BDF3000BE28BE /* ChartAllTimeCommand.swift */; };
		FCDF76EB2B0BE22900BE28BE /* DownloadEveryStockCommand.swift in Sources */ = {isa = PBXBuildFile; fileRef = FCDF76EA2B0BE22900BE28BE /* DownloadEveryStockCommand.swift */; };
		FCDF76ED2B0BE34200BE28BE /* HistoricalDataController.swift in Sources */ = {isa = PBXBuildFile; fileRef = FCDF76EC2B0BE34200BE28BE /* HistoricalDataController.swift */; };
		FCDF76EF2B0BE7E200BE28BE /* Float.swift in Sources */ = {isa = PBXBuildFile; fileRef = FCDF76EE2B0BE7E200BE28BE /* Float.swift */; };
		FCE09A852B65B62F004ACF20 /* MLDataset1.swift in Sources */ = {isa = PBXBuildFile; fileRef = FCE09A842B65B62F004ACF20 /* MLDataset1.swift */; };
		FCE09A882B65B788004ACF20 /* Guide & Results.md in Resources */ = {isa = PBXBuildFile; fileRef = FCE09A872B65B788004ACF20 /* Guide & Results.md */; };
/* End PBXBuildFile section */

/* Begin PBXFileReference section */
		5B09D7B22B11360A004536C4 /* TextValueView.swift */ = {isa = PBXFileReference; lastKnownFileType = sourcecode.swift; path = TextValueView.swift; sourceTree = "<group>"; };
		5B09D7B42B114734004536C4 /* LabelValueController.swift */ = {isa = PBXFileReference; lastKnownFileType = sourcecode.swift; path = LabelValueController.swift; sourceTree = "<group>"; };
		5B0C78B12ADE5A3500E0EEEB /* SharedFileManager.swift */ = {isa = PBXFileReference; lastKnownFileType = sourcecode.swift; path = SharedFileManager.swift; sourceTree = "<group>"; };
		5B6D622C2AD9F265003B1D3A /* Style.swift */ = {isa = PBXFileReference; lastKnownFileType = sourcecode.swift; path = Style.swift; sourceTree = "<group>"; };
		5B6D622E2AD9F2B9003B1D3A /* LayoutManager.swift */ = {isa = PBXFileReference; lastKnownFileType = sourcecode.swift; path = LayoutManager.swift; sourceTree = "<group>"; };
		5B860BC02B0072C6002EA088 /* TerminalManager.swift */ = {isa = PBXFileReference; lastKnownFileType = sourcecode.swift; path = TerminalManager.swift; sourceTree = "<group>"; };
		5B860BC32B0079E9002EA088 /* Command.swift */ = {isa = PBXFileReference; lastKnownFileType = sourcecode.swift; path = Command.swift; sourceTree = "<group>"; };
		5B860BC52B007A02002EA088 /* HelpCommand.swift */ = {isa = PBXFileReference; lastKnownFileType = sourcecode.swift; path = HelpCommand.swift; sourceTree = "<group>"; };
		5B860BC72B007B87002EA088 /* ChartCommand.swift */ = {isa = PBXFileReference; lastKnownFileType = sourcecode.swift; path = ChartCommand.swift; sourceTree = "<group>"; };
		5B860BC92B01367E002EA088 /* ChartManager.swift */ = {isa = PBXFileReference; lastKnownFileType = sourcecode.swift; path = ChartManager.swift; sourceTree = "<group>"; };
		5B860BCB2B013788002EA088 /* SaveCommand.swift */ = {isa = PBXFileReference; lastKnownFileType = sourcecode.swift; path = SaveCommand.swift; sourceTree = "<group>"; };
		5B860BCD2B013BC7002EA088 /* LoadPlayblackCommand.swift */ = {isa = PBXFileReference; lastKnownFileType = sourcecode.swift; path = LoadPlayblackCommand.swift; sourceTree = "<group>"; };
		5B860BCF2B013BED002EA088 /* PlaybackController.swift */ = {isa = PBXFileReference; lastKnownFileType = sourcecode.swift; path = PlaybackController.swift; sourceTree = "<group>"; };
		5B95015A2B0938ED008C3022 /* ChartRandomCommand.swift */ = {isa = PBXFileReference; lastKnownFileType = sourcecode.swift; path = ChartRandomCommand.swift; sourceTree = "<group>"; };
		FC137A342B0AF30300061926 /* GetPrelimTickersCommand.swift */ = {isa = PBXFileReference; lastKnownFileType = sourcecode.swift; path = GetPrelimTickersCommand.swift; sourceTree = "<group>"; };
		FC38C5F42AF293D300E29029 /* ScrollingTerminalViewCell.swift */ = {isa = PBXFileReference; lastKnownFileType = sourcecode.swift; path = ScrollingTerminalViewCell.swift; sourceTree = "<group>"; };
		FC39E1712B672B02000C62CA /* GenerateEntireDatasetCommand.swift */ = {isa = PBXFileReference; lastKnownFileType = sourcecode.swift; path = GenerateEntireDatasetCommand.swift; sourceTree = "<group>"; };
		FC39E1742B674AAF000C62CA /* MLPredictor1.swift */ = {isa = PBXFileReference; lastKnownFileType = sourcecode.swift; path = MLPredictor1.swift; sourceTree = "<group>"; };
		FC39E17A2B674B67000C62CA /* ForcastingModel1.mlpackage */ = {isa = PBXFileReference; lastKnownFileType = folder.mlpackage; name = ForcastingModel1.mlpackage; path = ../../../../../python/bot3/ForcastingModel1.mlpackage; sourceTree = "<group>"; };
		FC583DBD2AF9A79000B7CAAC /* Text.swift */ = {isa = PBXFileReference; lastKnownFileType = sourcecode.swift; path = Text.swift; sourceTree = "<group>"; };
		FC64178B2AF285FB006EFC87 /* Info.plist */ = {isa = PBXFileReference; lastKnownFileType = text.plist; path = Info.plist; sourceTree = "<group>"; };
		FC82F9E32AC6910C00642210 /* stockInterface.app */ = {isa = PBXFileReference; explicitFileType = wrapper.application; includeInIndex = 0; path = stockInterface.app; sourceTree = BUILT_PRODUCTS_DIR; };
		FC82F9E62AC6910C00642210 /* AppDelegate.swift */ = {isa = PBXFileReference; lastKnownFileType = sourcecode.swift; path = AppDelegate.swift; sourceTree = "<group>"; };
		FC82F9EA2AC6910C00642210 /* Assets.xcassets */ = {isa = PBXFileReference; lastKnownFileType = folder.assetcatalog; path = Assets.xcassets; sourceTree = "<group>"; };
		FC82F9EF2AC6910C00642210 /* stockInterface.entitlements */ = {isa = PBXFileReference; lastKnownFileType = text.plist.entitlements; path = stockInterface.entitlements; sourceTree = "<group>"; };
		FC82F9F82AC6976A00642210 /* main.swift */ = {isa = PBXFileReference; lastKnownFileType = sourcecode.swift; path = main.swift; sourceTree = "<group>"; };
		FC82FA322AC6AE4800642210 /* ContentView.swift */ = {isa = PBXFileReference; lastKnownFileType = sourcecode.swift; path = ContentView.swift; sourceTree = "<group>"; };
		FC82FA3B2AC6C12600642210 /* TickerDownload.swift */ = {isa = PBXFileReference; lastKnownFileType = sourcecode.swift; path = TickerDownload.swift; sourceTree = "<group>"; };
		FC82FA4C2AC6E20000642210 /* StockAggregate.swift */ = {isa = PBXFileReference; lastKnownFileType = sourcecode.swift; path = StockAggregate.swift; sourceTree = "<group>"; };
		FC82FA4E2AC6EA9F00642210 /* DateFormatter.swift */ = {isa = PBXFileReference; lastKnownFileType = sourcecode.swift; path = DateFormatter.swift; sourceTree = "<group>"; };
		FC82FA502AC6EB9200642210 /* Candle.swift */ = {isa = PBXFileReference; lastKnownFileType = sourcecode.swift; path = Candle.swift; sourceTree = "<group>"; };
		FC82FA522AC6F79200642210 /* StockView.swift */ = {isa = PBXFileReference; lastKnownFileType = sourcecode.swift; path = StockView.swift; sourceTree = "<group>"; };
		FC82FA552AC6F97F00642210 /* Draw.swift */ = {isa = PBXFileReference; lastKnownFileType = sourcecode.swift; path = Draw.swift; sourceTree = "<group>"; };
		FC82FA572AC6FA4600642210 /* Calculate.swift */ = {isa = PBXFileReference; lastKnownFileType = sourcecode.swift; path = Calculate.swift; sourceTree = "<group>"; };
		FC8B8CA92AE8972D0053F5CF /* ScrollingTerminalView.swift */ = {isa = PBXFileReference; lastKnownFileType = sourcecode.swift; path = ScrollingTerminalView.swift; sourceTree = "<group>"; };
		FC8B8CAC2AE89D360053F5CF /* BrassMono-Bold.ttf */ = {isa = PBXFileReference; lastKnownFileType = file; path = "BrassMono-Bold.ttf"; sourceTree = "<group>"; };
		FC8B8CAD2AE89D360053F5CF /* BrassMono-Regular.ttf */ = {isa = PBXFileReference; lastKnownFileType = file; path = "BrassMono-Regular.ttf"; sourceTree = "<group>"; };
		FC97AE8C2B14249300756773 /* StockViewAuxGraphProperties.swift */ = {isa = PBXFileReference; lastKnownFileType = sourcecode.swift; path = StockViewAuxGraphProperties.swift; sourceTree = "<group>"; };
		FCBAF4232ADE497F0075ABEF /* CGColor.swift */ = {isa = PBXFileReference; lastKnownFileType = sourcecode.swift; path = CGColor.swift; sourceTree = "<group>"; };
		FCBAF4252ADE50610075ABEF /* StockAggregateManager.swift */ = {isa = PBXFileReference; lastKnownFileType = sourcecode.swift; path = StockAggregateManager.swift; sourceTree = "<group>"; };
		FCBAF4272ADE72D20075ABEF /* StockCalculations.swift */ = {isa = PBXFileReference; lastKnownFileType = sourcecode.swift; path = StockCalculations.swift; sourceTree = "<group>"; };
		FCBAF4292ADE73900075ABEF /* FloatingPointArray.swift */ = {isa = PBXFileReference; lastKnownFileType = sourcecode.swift; path = FloatingPointArray.swift; sourceTree = "<group>"; };
		FCC144A32B7492D100EF7A65 /* Date.swift */ = {isa = PBXFileReference; lastKnownFileType = sourcecode.swift; path = Date.swift; sourceTree = "<group>"; };
		FCC144A52B74971C00EF7A65 /* BKTestScoreModel.swift */ = {isa = PBXFileReference; lastKnownFileType = sourcecode.swift; path = BKTestScoreModel.swift; sourceTree = "<group>"; };
		FCC546D72B72DCF000D4AF7D /* BacktestController.swift */ = {isa = PBXFileReference; lastKnownFileType = sourcecode.swift; path = BacktestController.swift; sourceTree = "<group>"; };
		FCC546D92B72DEC800D4AF7D /* BacktestCommands.swift */ = {isa = PBXFileReference; lastKnownFileType = sourcecode.swift; path = BacktestCommands.swift; sourceTree = "<group>"; };
		FCC546DB2B730ECF00D4AF7D /* GenerateGeneralAggregateCommand.swift */ = {isa = PBXFileReference; lastKnownFileType = sourcecode.swift; path = GenerateGeneralAggregateCommand.swift; sourceTree = "<group>"; };
		FCC5D7C82B01933100557CD5 /* EventController.swift */ = {isa = PBXFileReference; lastKnownFileType = sourcecode.swift; path = EventController.swift; sourceTree = "<group>"; };
		FCC8D86C2AE87637004D10F0 /* MLPlayback.swift */ = {isa = PBXFileReference; lastKnownFileType = sourcecode.swift; path = MLPlayback.swift; sourceTree = "<group>"; };
		FCD1D5062ACBDB2200700D4C /* NSWindow.swift */ = {isa = PBXFileReference; lastKnownFileType = sourcecode.swift; path = NSWindow.swift; sourceTree = "<group>"; };
		FCD588142B0C1F5F001BBECC /* BulkIndicatorDataCommand.swift */ = {isa = PBXFileReference; lastKnownFileType = sourcecode.swift; path = BulkIndicatorDataCommand.swift; sourceTree = "<group>"; };
		FCD588162B0C2938001BBECC /* IndicatorData.swift */ = {isa = PBXFileReference; lastKnownFileType = sourcecode.swift; path = IndicatorData.swift; sourceTree = "<group>"; };
		FCD588182B0C2F17001BBECC /* ChartLocalCommand.swift */ = {isa = PBXFileReference; lastKnownFileType = sourcecode.swift; path = ChartLocalCommand.swift; sourceTree = "<group>"; };
		FCD871EE2B0BB26B00251777 /* TickerNameModel.swift */ = {isa = PBXFileReference; lastKnownFileType = sourcecode.swift; path = TickerNameModel.swift; sourceTree = "<group>"; };
		FCD871F02B0BB4C300251777 /* GetAllTickersListCommand.swift */ = {isa = PBXFileReference; lastKnownFileType = sourcecode.swift; path = GetAllTickersListCommand.swift; sourceTree = "<group>"; };
		FCD871F22B0BBCD300251777 /* AllTickersController.swift */ = {isa = PBXFileReference; lastKnownFileType = sourcecode.swift; path = AllTickersController.swift; sourceTree = "<group>"; };
		FCDD12682B0AC00300DDF4C9 /* InputOutputGenerationCommand.swift */ = {isa = PBXFileReference; lastKnownFileType = sourcecode.swift; path = InputOutputGenerationCommand.swift; sourceTree = "<group>"; };
		FCDD126A2B0AC0F800DDF4C9 /* MLDatasetGenerator.swift */ = {isa = PBXFileReference; lastKnownFileType = sourcecode.swift; path = MLDatasetGenerator.swift; sourceTree = "<group>"; };
		FCDD126C2B0AC24D00DDF4C9 /* MLDatasetOutput.swift */ = {isa = PBXFileReference; lastKnownFileType = sourcecode.swift; path = MLDatasetOutput.swift; sourceTree = "<group>"; };
		FCDF76E82B0BDF3000BE28BE /* ChartAllTimeCommand.swift */ = {isa = PBXFileReference; lastKnownFileType = sourcecode.swift; path = ChartAllTimeCommand.swift; sourceTree = "<group>"; };
		FCDF76EA2B0BE22900BE28BE /* DownloadEveryStockCommand.swift */ = {isa = PBXFileReference; lastKnownFileType = sourcecode.swift; path = DownloadEveryStockCommand.swift; sourceTree = "<group>"; };
		FCDF76EC2B0BE34200BE28BE /* HistoricalDataController.swift */ = {isa = PBXFileReference; lastKnownFileType = sourcecode.swift; path = HistoricalDataController.swift; sourceTree = "<group>"; };
		FCDF76EE2B0BE7E200BE28BE /* Float.swift */ = {isa = PBXFileReference; lastKnownFileType = sourcecode.swift; path = Float.swift; sourceTree = "<group>"; };
		FCE09A842B65B62F004ACF20 /* MLDataset1.swift */ = {isa = PBXFileReference; lastKnownFileType = sourcecode.swift; path = MLDataset1.swift; sourceTree = "<group>"; };
		FCE09A872B65B788004ACF20 /* Guide & Results.md */ = {isa = PBXFileReference; lastKnownFileType = net.daringfireball.markdown; path = "Guide & Results.md"; sourceTree = "<group>"; };
/* End PBXFileReference section */

/* Begin PBXFrameworksBuildPhase section */
		FC82F9E02AC6910C00642210 /* Frameworks */ = {
			isa = PBXFrameworksBuildPhase;
			buildActionMask = 2147483647;
			files = (
			);
			runOnlyForDeploymentPostprocessing = 0;
		};
/* End PBXFrameworksBuildPhase section */

/* Begin PBXGroup section */
		5B860BC22B0079E1002EA088 /* Commands */ = {
			isa = PBXGroup;
			children = (
				5B860BC32B0079E9002EA088 /* Command.swift */,
				5B860BC52B007A02002EA088 /* HelpCommand.swift */,
				5B860BC72B007B87002EA088 /* ChartCommand.swift */,
				5B860BCB2B013788002EA088 /* SaveCommand.swift */,
				5B860BCD2B013BC7002EA088 /* LoadPlayblackCommand.swift */,
				5B95015A2B0938ED008C3022 /* ChartRandomCommand.swift */,
				FCDD12682B0AC00300DDF4C9 /* InputOutputGenerationCommand.swift */,
				FC137A342B0AF30300061926 /* GetPrelimTickersCommand.swift */,
				FCD871F02B0BB4C300251777 /* GetAllTickersListCommand.swift */,
				FCDF76E82B0BDF3000BE28BE /* ChartAllTimeCommand.swift */,
				FCDF76EA2B0BE22900BE28BE /* DownloadEveryStockCommand.swift */,
				FCD588142B0C1F5F001BBECC /* BulkIndicatorDataCommand.swift */,
				FCD588182B0C2F17001BBECC /* ChartLocalCommand.swift */,
				FC39E1712B672B02000C62CA /* GenerateEntireDatasetCommand.swift */,
				FCC546D92B72DEC800D4AF7D /* BacktestCommands.swift */,
				FCC546DB2B730ECF00D4AF7D /* GenerateGeneralAggregateCommand.swift */,
			);
			path = Commands;
			sourceTree = "<group>";
		};
		FC38C5F32AF293BE00E29029 /* Scrolling Terminal */ = {
			isa = PBXGroup;
			children = (
				FC8B8CA92AE8972D0053F5CF /* ScrollingTerminalView.swift */,
				FC38C5F42AF293D300E29029 /* ScrollingTerminalViewCell.swift */,
			);
			path = "Scrolling Terminal";
			sourceTree = "<group>";
		};
		FC39E1732B674A97000C62CA /* 1 */ = {
			isa = PBXGroup;
			children = (
				FC39E1742B674AAF000C62CA /* MLPredictor1.swift */,
				FC39E17A2B674B67000C62CA /* ForcastingModel1.mlpackage */,
			);
			path = 1;
			sourceTree = "<group>";
		};
		FC82F9DA2AC6910C00642210 = {
			isa = PBXGroup;
			children = (
				FC82F9E52AC6910C00642210 /* stockInterface */,
				FC82F9E42AC6910C00642210 /* Products */,
			);
			sourceTree = "<group>";
		};
		FC82F9E42AC6910C00642210 /* Products */ = {
			isa = PBXGroup;
			children = (
				FC82F9E32AC6910C00642210 /* stockInterface.app */,
			);
			name = Products;
			sourceTree = "<group>";
		};
		FC82F9E52AC6910C00642210 /* stockInterface */ = {
			isa = PBXGroup;
			children = (
				FC64178B2AF285FB006EFC87 /* Info.plist */,
				5B860BC22B0079E1002EA088 /* Commands */,
				FC82FA3A2AC6C10200642210 /* Services */,
				FC82FA372AC6C0D800642210 /* Views */,
				FC82FA3F2AC6C13F00642210 /* Models */,
				FC82FA4B2AC6E1DD00642210 /* Extensions */,
				FC82FA362AC6C07600642210 /* Resources */,
			);
			path = stockInterface;
			sourceTree = "<group>";
		};
		FC82FA362AC6C07600642210 /* Resources */ = {
			isa = PBXGroup;
			children = (
				FC8B8CAB2AE89D280053F5CF /* Fonts */,
				FC82F9E62AC6910C00642210 /* AppDelegate.swift */,
				FC82F9EA2AC6910C00642210 /* Assets.xcassets */,
				FC82F9EF2AC6910C00642210 /* stockInterface.entitlements */,
				FC82F9F82AC6976A00642210 /* main.swift */,
			);
			path = Resources;
			sourceTree = "<group>";
		};
		FC82FA372AC6C0D800642210 /* Views */ = {
			isa = PBXGroup;
			children = (
				5B09D7B22B11360A004536C4 /* TextValueView.swift */,
				FC82FA322AC6AE4800642210 /* ContentView.swift */,
				FC82FA542AC6F90500642210 /* StockView */,
				FC38C5F32AF293BE00E29029 /* Scrolling Terminal */,
			);
			path = Views;
			sourceTree = "<group>";
		};
		FC82FA3A2AC6C10200642210 /* Services */ = {
			isa = PBXGroup;
			children = (
				FCD871F22B0BBCD300251777 /* AllTickersController.swift */,
				FC82FA3B2AC6C12600642210 /* TickerDownload.swift */,
				5B6D622C2AD9F265003B1D3A /* Style.swift */,
				5B6D622E2AD9F2B9003B1D3A /* LayoutManager.swift */,
				FCBAF4252ADE50610075ABEF /* StockAggregateManager.swift */,
				5B0C78B12ADE5A3500E0EEEB /* SharedFileManager.swift */,
				FCBAF4272ADE72D20075ABEF /* StockCalculations.swift */,
				5B860BC02B0072C6002EA088 /* TerminalManager.swift */,
				5B860BC92B01367E002EA088 /* ChartManager.swift */,
				5B860BCF2B013BED002EA088 /* PlaybackController.swift */,
				FCC5D7C82B01933100557CD5 /* EventController.swift */,
				FCDD126A2B0AC0F800DDF4C9 /* MLDatasetGenerator.swift */,
				FCDF76EC2B0BE34200BE28BE /* HistoricalDataController.swift */,
				5B09D7B42B114734004536C4 /* LabelValueController.swift */,
				FCC546D72B72DCF000D4AF7D /* BacktestController.swift */,
			);
			path = Services;
			sourceTree = "<group>";
		};
		FC82FA3F2AC6C13F00642210 /* Models */ = {
			isa = PBXGroup;
			children = (
				FCE09A812B65B58F004ACF20 /* MLPredictors */,
				FCE09A7F2B65B4E3004ACF20 /* ML Outputs */,
				FCE09A802B65B580004ACF20 /* ML Inputs */,
				FC82FA4C2AC6E20000642210 /* StockAggregate.swift */,
				FC82FA502AC6EB9200642210 /* Candle.swift */,
				FCC8D86C2AE87637004D10F0 /* MLPlayback.swift */,
				FCD871EE2B0BB26B00251777 /* TickerNameModel.swift */,
				FCD588162B0C2938001BBECC /* IndicatorData.swift */,
				FC97AE8C2B14249300756773 /* StockViewAuxGraphProperties.swift */,
				FCC144A52B74971C00EF7A65 /* BKTestScoreModel.swift */,
			);
			path = Models;
			sourceTree = "<group>";
		};
		FC82FA4B2AC6E1DD00642210 /* Extensions */ = {
			isa = PBXGroup;
			children = (
				FC82FA4E2AC6EA9F00642210 /* DateFormatter.swift */,
				FCD1D5062ACBDB2200700D4C /* NSWindow.swift */,
				FCBAF4232ADE497F0075ABEF /* CGColor.swift */,
				FCBAF4292ADE73900075ABEF /* FloatingPointArray.swift */,
				FC583DBD2AF9A79000B7CAAC /* Text.swift */,
				FCDF76EE2B0BE7E200BE28BE /* Float.swift */,
				FCC144A32B7492D100EF7A65 /* Date.swift */,
			);
			path = Extensions;
			sourceTree = "<group>";
		};
		FC82FA542AC6F90500642210 /* StockView */ = {
			isa = PBXGroup;
			children = (
				FC82FA522AC6F79200642210 /* StockView.swift */,
				FC82FA552AC6F97F00642210 /* Draw.swift */,
				FC82FA572AC6FA4600642210 /* Calculate.swift */,
			);
			path = StockView;
			sourceTree = "<group>";
		};
		FC8B8CAB2AE89D280053F5CF /* Fonts */ = {
			isa = PBXGroup;
			children = (
				FC8B8CAC2AE89D360053F5CF /* BrassMono-Bold.ttf */,
				FC8B8CAD2AE89D360053F5CF /* BrassMono-Regular.ttf */,
			);
			path = Fonts;
			sourceTree = "<group>";
		};
		FCE09A7F2B65B4E3004ACF20 /* ML Outputs */ = {
			isa = PBXGroup;
			children = (
				FCDD126C2B0AC24D00DDF4C9 /* MLDatasetOutput.swift */,
			);
			path = "ML Outputs";
			sourceTree = "<group>";
		};
		FCE09A802B65B580004ACF20 /* ML Inputs */ = {
			isa = PBXGroup;
			children = (
				FCE09A872B65B788004ACF20 /* Guide & Results.md */,
				FCE09A842B65B62F004ACF20 /* MLDataset1.swift */,
			);
			path = "ML Inputs";
			sourceTree = "<group>";
		};
		FCE09A812B65B58F004ACF20 /* MLPredictors */ = {
			isa = PBXGroup;
			children = (
				FC39E1732B674A97000C62CA /* 1 */,
			);
			path = MLPredictors;
			sourceTree = "<group>";
		};
/* End PBXGroup section */

/* Begin PBXNativeTarget section */
		FC82F9E22AC6910C00642210 /* stockInterface */ = {
			isa = PBXNativeTarget;
			buildConfigurationList = FC82F9F22AC6910C00642210 /* Build configuration list for PBXNativeTarget "stockInterface" */;
			buildPhases = (
				FC82F9DF2AC6910C00642210 /* Sources */,
				FC82F9E02AC6910C00642210 /* Frameworks */,
				FC82F9E12AC6910C00642210 /* Resources */,
			);
			buildRules = (
			);
			dependencies = (
			);
			name = stockInterface;
			productName = stockInterface;
			productReference = FC82F9E32AC6910C00642210 /* stockInterface.app */;
			productType = "com.apple.product-type.application";
		};
/* End PBXNativeTarget section */

/* Begin PBXProject section */
		FC82F9DB2AC6910C00642210 /* Project object */ = {
			isa = PBXProject;
			attributes = {
				BuildIndependentTargetsInParallel = 1;
				KnownAssetTags = (
					New,
				);
				LastSwiftUpdateCheck = 1420;
				LastUpgradeCheck = 1520;
				TargetAttributes = {
					FC82F9E22AC6910C00642210 = {
						CreatedOnToolsVersion = 14.2;
					};
				};
			};
			buildConfigurationList = FC82F9DE2AC6910C00642210 /* Build configuration list for PBXProject "stockInterface" */;
			compatibilityVersion = "Xcode 14.0";
			developmentRegion = en;
			hasScannedForEncodings = 0;
			knownRegions = (
				en,
				Base,
			);
			mainGroup = FC82F9DA2AC6910C00642210;
			productRefGroup = FC82F9E42AC6910C00642210 /* Products */;
			projectDirPath = "";
			projectRoot = "";
			targets = (
				FC82F9E22AC6910C00642210 /* stockInterface */,
			);
		};
/* End PBXProject section */

/* Begin PBXResourcesBuildPhase section */
		FC82F9E12AC6910C00642210 /* Resources */ = {
			isa = PBXResourcesBuildPhase;
			buildActionMask = 2147483647;
			files = (
				FC8B8CAF2AE89D360053F5CF /* BrassMono-Regular.ttf in Resources */,
				FC8B8CAE2AE89D360053F5CF /* BrassMono-Bold.ttf in Resources */,
				FC82F9EB2AC6910C00642210 /* Assets.xcassets in Resources */,
				FCE09A882B65B788004ACF20 /* Guide & Results.md in Resources */,
			);
			runOnlyForDeploymentPostprocessing = 0;
		};
/* End PBXResourcesBuildPhase section */

/* Begin PBXSourcesBuildPhase section */
		FC82F9DF2AC6910C00642210 /* Sources */ = {
			isa = PBXSourcesBuildPhase;
			buildActionMask = 2147483647;
			files = (
				FCDF76EF2B0BE7E200BE28BE /* Float.swift in Sources */,
				FCD871F12B0BB4C300251777 /* GetAllTickersListCommand.swift in Sources */,
				FC82FA4F2AC6EA9F00642210 /* DateFormatter.swift in Sources */,
				FC82FA562AC6F97F00642210 /* Draw.swift in Sources */,
				FCD871EF2B0BB26B00251777 /* TickerNameModel.swift in Sources */,
				5B6D622F2AD9F2B9003B1D3A /* LayoutManager.swift in Sources */,
				FCD588152B0C1F5F001BBECC /* BulkIndicatorDataCommand.swift in Sources */,
				FCDD12692B0AC00300DDF4C9 /* InputOutputGenerationCommand.swift in Sources */,
				FCD1D5072ACBDB2200700D4C /* NSWindow.swift in Sources */,
				5B860BC62B007A02002EA088 /* HelpCommand.swift in Sources */,
				FCDF76EB2B0BE22900BE28BE /* DownloadEveryStockCommand.swift in Sources */,
				5B09D7B32B11360A004536C4 /* TextValueView.swift in Sources */,
				FC38C5F52AF293D300E29029 /* ScrollingTerminalViewCell.swift in Sources */,
				FCC8D86D2AE87637004D10F0 /* MLPlayback.swift in Sources */,
				5B860BC12B0072C6002EA088 /* TerminalManager.swift in Sources */,
				FC39E1752B674AAF000C62CA /* MLPredictor1.swift in Sources */,
				FCC144A42B7492D100EF7A65 /* Date.swift in Sources */,
				FC137A352B0AF30300061926 /* GetPrelimTickersCommand.swift in Sources */,
				FC39E17B2B674B67000C62CA /* ForcastingModel1.mlpackage in Sources */,
				5B860BC42B0079E9002EA088 /* Command.swift in Sources */,
				5B0C78B22ADE5A3500E0EEEB /* SharedFileManager.swift in Sources */,
				5B860BCC2B013788002EA088 /* SaveCommand.swift in Sources */,
				FCD588192B0C2F17001BBECC /* ChartLocalCommand.swift in Sources */,
				FC82FA332AC6AE4800642210 /* ContentView.swift in Sources */,
				FCDF76ED2B0BE34200BE28BE /* HistoricalDataController.swift in Sources */,
				FCDD126B2B0AC0F800DDF4C9 /* MLDatasetGenerator.swift in Sources */,
				FC97AE8D2B14249300756773 /* StockViewAuxGraphProperties.swift in Sources */,
				FCC546D82B72DCF000D4AF7D /* BacktestController.swift in Sources */,
				5B6D622D2AD9F265003B1D3A /* Style.swift in Sources */,
				5B09D7B52B114734004536C4 /* LabelValueController.swift in Sources */,
				FC39E1722B672B02000C62CA /* GenerateEntireDatasetCommand.swift in Sources */,
				FC82FA512AC6EB9200642210 /* Candle.swift in Sources */,
				FCE09A852B65B62F004ACF20 /* MLDataset1.swift in Sources */,
				FCDD126D2B0AC24D00DDF4C9 /* MLDatasetOutput.swift in Sources */,
				5B860BCE2B013BC7002EA088 /* LoadPlayblackCommand.swift in Sources */,
				FC82FA582AC6FA4600642210 /* Calculate.swift in Sources */,
				FC8B8CAA2AE8972D0053F5CF /* ScrollingTerminalView.swift in Sources */,
				5B860BC82B007B87002EA088 /* ChartCommand.swift in Sources */,
				FC583DBE2AF9A79000B7CAAC /* Text.swift in Sources */,
				5B860BCA2B01367E002EA088 /* ChartManager.swift in Sources */,
				FCC546DC2B730ECF00D4AF7D /* GenerateGeneralAggregateCommand.swift in Sources */,
				FCDF76E92B0BDF3000BE28BE /* ChartAllTimeCommand.swift in Sources */,
				FCBAF42A2ADE73900075ABEF /* FloatingPointArray.swift in Sources */,
				FCC5D7C92B01933100557CD5 /* EventController.swift in Sources */,
				FCC546DA2B72DEC800D4AF7D /* BacktestCommands.swift in Sources */,
				FC82F9E72AC6910C00642210 /* AppDelegate.swift in Sources */,
				FC82F9F92AC6976A00642210 /* main.swift in Sources */,
				5B860BD02B013BED002EA088 /* PlaybackController.swift in Sources */,
				FCBAF4282ADE72D20075ABEF /* StockCalculations.swift in Sources */,
				5B95015B2B0938ED008C3022 /* ChartRandomCommand.swift in Sources */,
				FCD588172B0C2938001BBECC /* IndicatorData.swift in Sources */,
				FC82FA532AC6F79200642210 /* StockView.swift in Sources */,
				FCBAF4242ADE497F0075ABEF /* CGColor.swift in Sources */,
				FCBAF4262ADE50610075ABEF /* StockAggregateManager.swift in Sources */,
				FC82FA3C2AC6C12600642210 /* TickerDownload.swift in Sources */,
				FCC144A62B74971C00EF7A65 /* BKTestScoreModel.swift in Sources */,
				FC82FA4D2AC6E20000642210 /* StockAggregate.swift in Sources */,
				FCD871F32B0BBCD300251777 /* AllTickersController.swift in Sources */,
			);
			runOnlyForDeploymentPostprocessing = 0;
		};
/* End PBXSourcesBuildPhase section */

/* Begin XCBuildConfiguration section */
		FC82F9F02AC6910C00642210 /* Debug */ = {
			isa = XCBuildConfiguration;
			buildSettings = {
				ALWAYS_SEARCH_USER_PATHS = NO;
				ASSETCATALOG_COMPILER_GENERATE_SWIFT_ASSET_SYMBOL_EXTENSIONS = YES;
				CLANG_ANALYZER_NONNULL = YES;
				CLANG_ANALYZER_NUMBER_OBJECT_CONVERSION = YES_AGGRESSIVE;
				CLANG_CXX_LANGUAGE_STANDARD = "gnu++20";
				CLANG_ENABLE_MODULES = YES;
				CLANG_ENABLE_OBJC_ARC = YES;
				CLANG_ENABLE_OBJC_WEAK = YES;
				CLANG_WARN_BLOCK_CAPTURE_AUTORELEASING = YES;
				CLANG_WARN_BOOL_CONVERSION = YES;
				CLANG_WARN_COMMA = YES;
				CLANG_WARN_CONSTANT_CONVERSION = YES;
				CLANG_WARN_DEPRECATED_OBJC_IMPLEMENTATIONS = YES;
				CLANG_WARN_DIRECT_OBJC_ISA_USAGE = YES_ERROR;
				CLANG_WARN_DOCUMENTATION_COMMENTS = YES;
				CLANG_WARN_EMPTY_BODY = YES;
				CLANG_WARN_ENUM_CONVERSION = YES;
				CLANG_WARN_INFINITE_RECURSION = YES;
				CLANG_WARN_INT_CONVERSION = YES;
				CLANG_WARN_NON_LITERAL_NULL_CONVERSION = YES;
				CLANG_WARN_OBJC_IMPLICIT_RETAIN_SELF = YES;
				CLANG_WARN_OBJC_LITERAL_CONVERSION = YES;
				CLANG_WARN_OBJC_ROOT_CLASS = YES_ERROR;
				CLANG_WARN_QUOTED_INCLUDE_IN_FRAMEWORK_HEADER = YES;
				CLANG_WARN_RANGE_LOOP_ANALYSIS = YES;
				CLANG_WARN_STRICT_PROTOTYPES = YES;
				CLANG_WARN_SUSPICIOUS_MOVE = YES;
				CLANG_WARN_UNGUARDED_AVAILABILITY = YES_AGGRESSIVE;
				CLANG_WARN_UNREACHABLE_CODE = YES;
				CLANG_WARN__DUPLICATE_METHOD_MATCH = YES;
				COPY_PHASE_STRIP = NO;
				DEAD_CODE_STRIPPING = YES;
				DEBUG_INFORMATION_FORMAT = dwarf;
				ENABLE_STRICT_OBJC_MSGSEND = YES;
				ENABLE_TESTABILITY = YES;
				ENABLE_USER_SCRIPT_SANDBOXING = YES;
				GCC_C_LANGUAGE_STANDARD = gnu11;
				GCC_DYNAMIC_NO_PIC = NO;
				GCC_NO_COMMON_BLOCKS = YES;
				GCC_OPTIMIZATION_LEVEL = 0;
				GCC_PREPROCESSOR_DEFINITIONS = (
					"DEBUG=1",
					"$(inherited)",
				);
				GCC_WARN_64_TO_32_BIT_CONVERSION = YES;
				GCC_WARN_ABOUT_RETURN_TYPE = YES_ERROR;
				GCC_WARN_UNDECLARED_SELECTOR = YES;
				GCC_WARN_UNINITIALIZED_AUTOS = YES_AGGRESSIVE;
				GCC_WARN_UNUSED_FUNCTION = YES;
				GCC_WARN_UNUSED_VARIABLE = YES;
				MACOSX_DEPLOYMENT_TARGET = 12.6;
				MTL_ENABLE_DEBUG_INFO = INCLUDE_SOURCE;
				MTL_FAST_MATH = YES;
				ONLY_ACTIVE_ARCH = YES;
				SDKROOT = macosx;
				SWIFT_ACTIVE_COMPILATION_CONDITIONS = DEBUG;
				SWIFT_OPTIMIZATION_LEVEL = "-Onone";
			};
			name = Debug;
		};
		FC82F9F12AC6910C00642210 /* Release */ = {
			isa = XCBuildConfiguration;
			buildSettings = {
				ALWAYS_SEARCH_USER_PATHS = NO;
				ASSETCATALOG_COMPILER_GENERATE_SWIFT_ASSET_SYMBOL_EXTENSIONS = YES;
				CLANG_ANALYZER_NONNULL = YES;
				CLANG_ANALYZER_NUMBER_OBJECT_CONVERSION = YES_AGGRESSIVE;
				CLANG_CXX_LANGUAGE_STANDARD = "gnu++20";
				CLANG_ENABLE_MODULES = YES;
				CLANG_ENABLE_OBJC_ARC = YES;
				CLANG_ENABLE_OBJC_WEAK = YES;
				CLANG_WARN_BLOCK_CAPTURE_AUTORELEASING = YES;
				CLANG_WARN_BOOL_CONVERSION = YES;
				CLANG_WARN_COMMA = YES;
				CLANG_WARN_CONSTANT_CONVERSION = YES;
				CLANG_WARN_DEPRECATED_OBJC_IMPLEMENTATIONS = YES;
				CLANG_WARN_DIRECT_OBJC_ISA_USAGE = YES_ERROR;
				CLANG_WARN_DOCUMENTATION_COMMENTS = YES;
				CLANG_WARN_EMPTY_BODY = YES;
				CLANG_WARN_ENUM_CONVERSION = YES;
				CLANG_WARN_INFINITE_RECURSION = YES;
				CLANG_WARN_INT_CONVERSION = YES;
				CLANG_WARN_NON_LITERAL_NULL_CONVERSION = YES;
				CLANG_WARN_OBJC_IMPLICIT_RETAIN_SELF = YES;
				CLANG_WARN_OBJC_LITERAL_CONVERSION = YES;
				CLANG_WARN_OBJC_ROOT_CLASS = YES_ERROR;
				CLANG_WARN_QUOTED_INCLUDE_IN_FRAMEWORK_HEADER = YES;
				CLANG_WARN_RANGE_LOOP_ANALYSIS = YES;
				CLANG_WARN_STRICT_PROTOTYPES = YES;
				CLANG_WARN_SUSPICIOUS_MOVE = YES;
				CLANG_WARN_UNGUARDED_AVAILABILITY = YES_AGGRESSIVE;
				CLANG_WARN_UNREACHABLE_CODE = YES;
				CLANG_WARN__DUPLICATE_METHOD_MATCH = YES;
				COPY_PHASE_STRIP = NO;
				DEAD_CODE_STRIPPING = YES;
				DEBUG_INFORMATION_FORMAT = "dwarf-with-dsym";
				ENABLE_NS_ASSERTIONS = NO;
				ENABLE_STRICT_OBJC_MSGSEND = YES;
				ENABLE_USER_SCRIPT_SANDBOXING = YES;
				GCC_C_LANGUAGE_STANDARD = gnu11;
				GCC_NO_COMMON_BLOCKS = YES;
				GCC_WARN_64_TO_32_BIT_CONVERSION = YES;
				GCC_WARN_ABOUT_RETURN_TYPE = YES_ERROR;
				GCC_WARN_UNDECLARED_SELECTOR = YES;
				GCC_WARN_UNINITIALIZED_AUTOS = YES_AGGRESSIVE;
				GCC_WARN_UNUSED_FUNCTION = YES;
				GCC_WARN_UNUSED_VARIABLE = YES;
				MACOSX_DEPLOYMENT_TARGET = 12.6;
				MTL_ENABLE_DEBUG_INFO = NO;
				MTL_FAST_MATH = YES;
				SDKROOT = macosx;
				SWIFT_COMPILATION_MODE = wholemodule;
				SWIFT_OPTIMIZATION_LEVEL = "-O";
			};
			name = Release;
		};
		FC82F9F32AC6910C00642210 /* Debug */ = {
			isa = XCBuildConfiguration;
			buildSettings = {
				ASSETCATALOG_COMPILER_APPICON_NAME = AppIcon;
				ASSETCATALOG_COMPILER_GLOBAL_ACCENT_COLOR_NAME = AccentColor;
				CODE_SIGN_ENTITLEMENTS = stockInterface/Resources/stockInterface.entitlements;
				CODE_SIGN_STYLE = Automatic;
				COMBINE_HIDPI_IMAGES = YES;
				CURRENT_PROJECT_VERSION = 1;
				DEAD_CODE_STRIPPING = YES;
				DEVELOPMENT_TEAM = 2WP5X762NJ;
				ENABLE_HARDENED_RUNTIME = YES;
				GENERATE_INFOPLIST_FILE = YES;
				INFOPLIST_FILE = stockInterface/Info.plist;
				INFOPLIST_KEY_NSHumanReadableCopyright = "";
				INFOPLIST_KEY_NSPrincipalClass = NSApplication;
				LD_RUNPATH_SEARCH_PATHS = (
					"$(inherited)",
					"@executable_path/../Frameworks",
				);
				MACOSX_DEPLOYMENT_TARGET = 12.0;
				MARKETING_VERSION = 1.0;
				PRODUCT_BUNDLE_IDENTIFIER = jax.stockInterface;
				PRODUCT_NAME = "$(TARGET_NAME)";
				SWIFT_EMIT_LOC_STRINGS = YES;
				SWIFT_VERSION = 5.0;
			};
			name = Debug;
		};
		FC82F9F42AC6910C00642210 /* Release */ = {
			isa = XCBuildConfiguration;
			buildSettings = {
				ASSETCATALOG_COMPILER_APPICON_NAME = AppIcon;
				ASSETCATALOG_COMPILER_GLOBAL_ACCENT_COLOR_NAME = AccentColor;
				CODE_SIGN_ENTITLEMENTS = stockInterface/Resources/stockInterface.entitlements;
				CODE_SIGN_STYLE = Automatic;
				COMBINE_HIDPI_IMAGES = YES;
				CURRENT_PROJECT_VERSION = 1;
				DEAD_CODE_STRIPPING = YES;
				DEVELOPMENT_TEAM = 2WP5X762NJ;
				ENABLE_HARDENED_RUNTIME = YES;
				GENERATE_INFOPLIST_FILE = YES;
				INFOPLIST_FILE = stockInterface/Info.plist;
				INFOPLIST_KEY_NSHumanReadableCopyright = "";
				INFOPLIST_KEY_NSPrincipalClass = NSApplication;
				LD_RUNPATH_SEARCH_PATHS = (
					"$(inherited)",
					"@executable_path/../Frameworks",
				);
				MACOSX_DEPLOYMENT_TARGET = 12.0;
				MARKETING_VERSION = 1.0;
				PRODUCT_BUNDLE_IDENTIFIER = jax.stockInterface;
				PRODUCT_NAME = "$(TARGET_NAME)";
				SWIFT_EMIT_LOC_STRINGS = YES;
				SWIFT_VERSION = 5.0;
			};
			name = Release;
		};
/* End XCBuildConfiguration section */

/* Begin XCConfigurationList section */
		FC82F9DE2AC6910C00642210 /* Build configuration list for PBXProject "stockInterface" */ = {
			isa = XCConfigurationList;
			buildConfigurations = (
				FC82F9F02AC6910C00642210 /* Debug */,
				FC82F9F12AC6910C00642210 /* Release */,
			);
			defaultConfigurationIsVisible = 0;
			defaultConfigurationName = Release;
		};
		FC82F9F22AC6910C00642210 /* Build configuration list for PBXNativeTarget "stockInterface" */ = {
			isa = XCConfigurationList;
			buildConfigurations = (
				FC82F9F32AC6910C00642210 /* Debug */,
				FC82F9F42AC6910C00642210 /* Release */,
			);
			defaultConfigurationIsVisible = 0;
			defaultConfigurationName = Release;
		};
/* End XCConfigurationList section */
	};
	rootObject = FC82F9DB2AC6910C00642210 /* Project object */;
}
